
Microsoft Visual Studio Solution File, Format Version 12.00
# Visual Studio Version 17
VisualStudioVersion = 17.1.32328.378
MinimumVisualStudioVersion = 10.0.40219.1
Project("{FAE04EC0-301F-11D3-BF4B-00C04F79EFBC}") = "LogicalProblems", "LogicalProblems.csproj", "{DF47A89A-245C-445D-AE23-17DD16A36CB3}"
EndProject
Global
	GlobalSection(SolutionConfigurationPlatforms) = preSolution
		Debug|Any CPU = Debug|Any CPU
		Release|Any CPU = Release|Any CPU
	EndGlobalSection
	GlobalSection(ProjectConfigurationPlatforms) = postSolution
		{DF47A89A-245C-445D-AE23-17DD16A36CB3}.Debug|Any CPU.ActiveCfg = Debug|Any CPU
		{DF47A89A-245C-445D-AE23-17DD16A36CB3}.Debug|Any CPU.Build.0 = Debug|Any CPU
		{DF47A89A-245C-445D-AE23-17DD16A36CB3}.Release|Any CPU.ActiveCfg = Release|Any CPU
		{DF47A89A-245C-445D-AE23-17DD16A36CB3}.Release|Any CPU.Build.0 = Release|Any CPU
	EndGlobalSection
	GlobalSection(SolutionProperties) = preSolution
		HideSolutionNode = FALSE
	EndGlobalSection
	GlobalSection(ExtensibilityGlobals) = postSolution
		SolutionGuid = {ED86E02C-8C06-4249-8633-A25F0E9B9E95}
	EndGlobalSection
EndGlobal
